
Microsoft Visual Studio Solution File, Format Version 12.00
# Visual Studio Version 17
VisualStudioVersion = 17.9.34728.123
MinimumVisualStudioVersion = 10.0.40219.1
Project("{FAE04EC0-301F-11D3-BF4B-00C04F79EFBC}") = "EnlightenMAUI", "EnlightenMAUI.csproj", "{2C7C0133-7166-443D-B63C-0C944559D494}"
EndProject
Global
	GlobalSection(SolutionConfigurationPlatforms) = preSolution
		Debug|Any CPU = Debug|Any CPU
		Release|Any CPU = Release|Any CPU
	EndGlobalSection
	GlobalSection(ProjectConfigurationPlatforms) = postSolution
		{2C7C0133-7166-443D-B63C-0C944559D494}.Debug|Any CPU.ActiveCfg = Debug|Any CPU
		{2C7C0133-7166-443D-B63C-0C944559D494}.Debug|Any CPU.Build.0 = Debug|Any CPU
		{2C7C0133-7166-443D-B63C-0C944559D494}.Debug|Any CPU.Deploy.0 = Debug|Any CPU
		{2C7C0133-7166-443D-B63C-0C944559D494}.Release|Any CPU.ActiveCfg = Release|Any CPU
		{2C7C0133-7166-443D-B63C-0C944559D494}.Release|Any CPU.Build.0 = Release|Any CPU
		{2C7C0133-7166-443D-B63C-0C944559D494}.Release|Any CPU.Deploy.0 = Release|Any CPU
	EndGlobalSection
	GlobalSection(SolutionProperties) = preSolution
		HideSolutionNode = FALSE
	EndGlobalSection
	GlobalSection(ExtensibilityGlobals) = postSolution
		SolutionGuid = {2E48F3E9-F2CD-4FD0-A7A9-4FDCDA0CA088}
	EndGlobalSection
EndGlobal
